
Microsoft Visual Studio Solution File, Format Version 12.00
# Visual Studio Version 17
VisualStudioVersion = 17.0.32126.317
MinimumVisualStudioVersion = 10.0.40219.1
Project("{FAE04EC0-301F-11D3-BF4B-00C04F79EFBC}") = "UMS", "UMS.csproj", "{FFA3231C-BBDF-4A79-B924-569D01C982F0}"
EndProject
Global
	GlobalSection(SolutionConfigurationPlatforms) = preSolution
		Debug|Any CPU = Debug|Any CPU
		Release|Any CPU = Release|Any CPU
	EndGlobalSection
	GlobalSection(ProjectConfigurationPlatforms) = postSolution
		{FFA3231C-BBDF-4A79-B924-569D01C982F0}.Debug|Any CPU.ActiveCfg = Debug|Any CPU
		{FFA3231C-BBDF-4A79-B924-569D01C982F0}.Debug|Any CPU.Build.0 = Debug|Any CPU
		{FFA3231C-BBDF-4A79-B924-569D01C982F0}.Release|Any CPU.ActiveCfg = Release|Any CPU
		{FFA3231C-BBDF-4A79-B924-569D01C982F0}.Release|Any CPU.Build.0 = Release|Any CPU
	EndGlobalSection
	GlobalSection(SolutionProperties) = preSolution
		HideSolutionNode = FALSE
	EndGlobalSection
	GlobalSection(ExtensibilityGlobals) = postSolution
		SolutionGuid = {CD8683C4-D720-4BCC-BCCD-8182BBB62349}
	EndGlobalSection
EndGlobal
