
Microsoft Visual Studio Solution File, Format Version 12.00
# Visual Studio Version 17
VisualStudioVersion = 17.1.32319.34
MinimumVisualStudioVersion = 10.0.40219.1
Project("{FAE04EC0-301F-11D3-BF4B-00C04F79EFBC}") = "web-api-assignment", "web-api-assignment\web-api-assignment.csproj", "{95E3B5ED-6EEC-48C6-8144-F66D4FAF1A93}"
EndProject
Global
	GlobalSection(SolutionConfigurationPlatforms) = preSolution
		Debug|Any CPU = Debug|Any CPU
		Release|Any CPU = Release|Any CPU
	EndGlobalSection
	GlobalSection(ProjectConfigurationPlatforms) = postSolution
		{95E3B5ED-6EEC-48C6-8144-F66D4FAF1A93}.Debug|Any CPU.ActiveCfg = Debug|Any CPU
		{95E3B5ED-6EEC-48C6-8144-F66D4FAF1A93}.Debug|Any CPU.Build.0 = Debug|Any CPU
		{95E3B5ED-6EEC-48C6-8144-F66D4FAF1A93}.Release|Any CPU.ActiveCfg = Release|Any CPU
		{95E3B5ED-6EEC-48C6-8144-F66D4FAF1A93}.Release|Any CPU.Build.0 = Release|Any CPU
	EndGlobalSection
	GlobalSection(SolutionProperties) = preSolution
		HideSolutionNode = FALSE
	EndGlobalSection
	GlobalSection(ExtensibilityGlobals) = postSolution
		SolutionGuid = {D54430BF-A216-4073-B8B4-ADA9E7746CA6}
	EndGlobalSection
EndGlobal
